// !$*UTF8*$!
{
	archiveVersion = 1;
	classes = {
	};
	objectVersion = 56;
	objects = {

/* Begin PBXBuildFile section */
		805E1E5A29AA0D9600268E56 /* DetailViewModel.swift in Sources */ = {isa = PBXBuildFile; fileRef = 805E1E5929AA0D9600268E56 /* DetailViewModel.swift */; };
		805E1E6929AAE15700268E56 /* FMDatabaseAdditions.m in Sources */ = {isa = PBXBuildFile; fileRef = 805E1E6229AAE15600268E56 /* FMDatabaseAdditions.m */; };
		805E1E6A29AAE15700268E56 /* FMDatabaseQueue.m in Sources */ = {isa = PBXBuildFile; fileRef = 805E1E6429AAE15600268E56 /* FMDatabaseQueue.m */; };
		805E1E6B29AAE15700268E56 /* FMResultSet.m in Sources */ = {isa = PBXBuildFile; fileRef = 805E1E6529AAE15600268E56 /* FMResultSet.m */; };
		805E1E6C29AAE15700268E56 /* FMDatabasePool.m in Sources */ = {isa = PBXBuildFile; fileRef = 805E1E6629AAE15600268E56 /* FMDatabasePool.m */; };
		805E1E6D29AAE15700268E56 /* FMDatabase.m in Sources */ = {isa = PBXBuildFile; fileRef = 805E1E6829AAE15700268E56 /* FMDatabase.m */; };
		805E1E7029AAE1B200268E56 /* SQLService.swift in Sources */ = {isa = PBXBuildFile; fileRef = 805E1E6F29AAE1B200268E56 /* SQLService.swift */; };
		805E1E7229AAE22100268E56 /* Depremdao.swift in Sources */ = {isa = PBXBuildFile; fileRef = 805E1E7129AAE22100268E56 /* Depremdao.swift */; };
		805E1E7429AAE27D00268E56 /* Provinces.swift in Sources */ = {isa = PBXBuildFile; fileRef = 805E1E7329AAE27D00268E56 /* Provinces.swift */; };
		805E1E7529AAE4B700268E56 /* illerDeprem.db in Resources */ = {isa = PBXBuildFile; fileRef = 805E1E6E29AAE19400268E56 /* illerDeprem.db */; };
		80D8930C29A90D33004C57C5 /* AppDelegate.swift in Sources */ = {isa = PBXBuildFile; fileRef = 80D8930B29A90D33004C57C5 /* AppDelegate.swift */; };
		80D8930E29A90D33004C57C5 /* SceneDelegate.swift in Sources */ = {isa = PBXBuildFile; fileRef = 80D8930D29A90D33004C57C5 /* SceneDelegate.swift */; };
		80D8931029A90D33004C57C5 /* InfoView.swift in Sources */ = {isa = PBXBuildFile; fileRef = 80D8930F29A90D33004C57C5 /* InfoView.swift */; };
		80D8931329A90D33004C57C5 /* Main.storyboard in Resources */ = {isa = PBXBuildFile; fileRef = 80D8931129A90D33004C57C5 /* Main.storyboard */; };
		80D8931529A90D33004C57C5 /* Assets.xcassets in Resources */ = {isa = PBXBuildFile; fileRef = 80D8931429A90D33004C57C5 /* Assets.xcassets */; };
		80D8931829A90D33004C57C5 /* LaunchScreen.storyboard in Resources */ = {isa = PBXBuildFile; fileRef = 80D8931629A90D33004C57C5 /* LaunchScreen.storyboard */; };
		80D8932329A90D33004C57C5 /* DepremInfoTests.swift in Sources */ = {isa = PBXBuildFile; fileRef = 80D8932229A90D33004C57C5 /* DepremInfoTests.swift */; };
		80D8932D29A90D33004C57C5 /* DepremInfoUITests.swift in Sources */ = {isa = PBXBuildFile; fileRef = 80D8932C29A90D33004C57C5 /* DepremInfoUITests.swift */; };
		80D8932F29A90D33004C57C5 /* DepremInfoUITestsLaunchTests.swift in Sources */ = {isa = PBXBuildFile; fileRef = 80D8932E29A90D33004C57C5 /* DepremInfoUITestsLaunchTests.swift */; };
		80D8934029A90EE2004C57C5 /* ApiService.swift in Sources */ = {isa = PBXBuildFile; fileRef = 80D8933F29A90EE2004C57C5 /* ApiService.swift */; };
		80D8934429A90F60004C57C5 /* LiveView.swift in Sources */ = {isa = PBXBuildFile; fileRef = 80D8934329A90F60004C57C5 /* LiveView.swift */; };
		80D8934629A90F70004C57C5 /* Earthquake.swift in Sources */ = {isa = PBXBuildFile; fileRef = 80D8934529A90F70004C57C5 /* Earthquake.swift */; };
		80D8934829A90F89004C57C5 /* InfoViewModel.swift in Sources */ = {isa = PBXBuildFile; fileRef = 80D8934729A90F89004C57C5 /* InfoViewModel.swift */; };
		80D8934C29A90F96004C57C5 /* LiveViewModel.swift in Sources */ = {isa = PBXBuildFile; fileRef = 80D8934B29A90F96004C57C5 /* LiveViewModel.swift */; };
		80D8934E29A9F034004C57C5 /* LiveCell.swift in Sources */ = {isa = PBXBuildFile; fileRef = 80D8934D29A9F034004C57C5 /* LiveCell.swift */; };
		80D8935029AA09AD004C57C5 /* DetailView.swift in Sources */ = {isa = PBXBuildFile; fileRef = 80D8934F29AA09AD004C57C5 /* DetailView.swift */; };
/* End PBXBuildFile section */

/* Begin PBXContainerItemProxy section */
		80D8931F29A90D33004C57C5 /* PBXContainerItemProxy */ = {
			isa = PBXContainerItemProxy;
			containerPortal = 80D8930029A90D33004C57C5 /* Project object */;
			proxyType = 1;
			remoteGlobalIDString = 80D8930729A90D33004C57C5;
			remoteInfo = DepremInfo;
		};
		80D8932929A90D33004C57C5 /* PBXContainerItemProxy */ = {
			isa = PBXContainerItemProxy;
			containerPortal = 80D8930029A90D33004C57C5 /* Project object */;
			proxyType = 1;
			remoteGlobalIDString = 80D8930729A90D33004C57C5;
			remoteInfo = DepremInfo;
		};
/* End PBXContainerItemProxy section */

/* Begin PBXFileReference section */
		805E1E5929AA0D9600268E56 /* DetailViewModel.swift */ = {isa = PBXFileReference; lastKnownFileType = sourcecode.swift; path = DetailViewModel.swift; sourceTree = "<group>"; };
		805E1E5C29AAE12D00268E56 /* libsqlite3.0.tbd */ = {isa = PBXFileReference; lastKnownFileType = "sourcecode.text-based-dylib-definition"; name = libsqlite3.0.tbd; path = usr/lib/libsqlite3.0.tbd; sourceTree = SDKROOT; };
		805E1E5D29AAE15500268E56 /* DepremInfo-Bridging-Header.h */ = {isa = PBXFileReference; lastKnownFileType = sourcecode.c.h; path = "DepremInfo-Bridging-Header.h"; sourceTree = "<group>"; };
		805E1E5E29AAE15500268E56 /* FMResultSet.h */ = {isa = PBXFileReference; fileEncoding = 4; lastKnownFileType = sourcecode.c.h; path = FMResultSet.h; sourceTree = "<group>"; };
		805E1E5F29AAE15500268E56 /* FMDatabasePool.h */ = {isa = PBXFileReference; fileEncoding = 4; lastKnownFileType = sourcecode.c.h; path = FMDatabasePool.h; sourceTree = "<group>"; };
		805E1E6029AAE15600268E56 /* FMDatabaseQueue.h */ = {isa = PBXFileReference; fileEncoding = 4; lastKnownFileType = sourcecode.c.h; path = FMDatabaseQueue.h; sourceTree = "<group>"; };
		805E1E6129AAE15600268E56 /* FMDB.h */ = {isa = PBXFileReference; fileEncoding = 4; lastKnownFileType = sourcecode.c.h; path = FMDB.h; sourceTree = "<group>"; };
		805E1E6229AAE15600268E56 /* FMDatabaseAdditions.m */ = {isa = PBXFileReference; fileEncoding = 4; lastKnownFileType = sourcecode.c.objc; path = FMDatabaseAdditions.m; sourceTree = "<group>"; };
		805E1E6329AAE15600268E56 /* FMDatabaseAdditions.h */ = {isa = PBXFileReference; fileEncoding = 4; lastKnownFileType = sourcecode.c.h; path = FMDatabaseAdditions.h; sourceTree = "<group>"; };
		805E1E6429AAE15600268E56 /* FMDatabaseQueue.m */ = {isa = PBXFileReference; fileEncoding = 4; lastKnownFileType = sourcecode.c.objc; path = FMDatabaseQueue.m; sourceTree = "<group>"; };
		805E1E6529AAE15600268E56 /* FMResultSet.m */ = {isa = PBXFileReference; fileEncoding = 4; lastKnownFileType = sourcecode.c.objc; path = FMResultSet.m; sourceTree = "<group>"; };
		805E1E6629AAE15600268E56 /* FMDatabasePool.m */ = {isa = PBXFileReference; fileEncoding = 4; lastKnownFileType = sourcecode.c.objc; path = FMDatabasePool.m; sourceTree = "<group>"; };
		805E1E6729AAE15700268E56 /* FMDatabase.h */ = {isa = PBXFileReference; fileEncoding = 4; lastKnownFileType = sourcecode.c.h; path = FMDatabase.h; sourceTree = "<group>"; };
		805E1E6829AAE15700268E56 /* FMDatabase.m */ = {isa = PBXFileReference; fileEncoding = 4; lastKnownFileType = sourcecode.c.objc; path = FMDatabase.m; sourceTree = "<group>"; };
		805E1E6E29AAE19400268E56 /* illerDeprem.db */ = {isa = PBXFileReference; lastKnownFileType = file; path = illerDeprem.db; sourceTree = "<group>"; };
		805E1E6F29AAE1B200268E56 /* SQLService.swift */ = {isa = PBXFileReference; lastKnownFileType = sourcecode.swift; path = SQLService.swift; sourceTree = "<group>"; };
		805E1E7129AAE22100268E56 /* Depremdao.swift */ = {isa = PBXFileReference; lastKnownFileType = sourcecode.swift; path = Depremdao.swift; sourceTree = "<group>"; };
		805E1E7329AAE27D00268E56 /* Provinces.swift */ = {isa = PBXFileReference; lastKnownFileType = sourcecode.swift; path = Provinces.swift; sourceTree = "<group>"; };
		80D8930829A90D33004C57C5 /* DepremInfo.app */ = {isa = PBXFileReference; explicitFileType = wrapper.application; includeInIndex = 0; path = DepremInfo.app; sourceTree = BUILT_PRODUCTS_DIR; };
		80D8930B29A90D33004C57C5 /* AppDelegate.swift */ = {isa = PBXFileReference; lastKnownFileType = sourcecode.swift; path = AppDelegate.swift; sourceTree = "<group>"; };
		80D8930D29A90D33004C57C5 /* SceneDelegate.swift */ = {isa = PBXFileReference; lastKnownFileType = sourcecode.swift; path = SceneDelegate.swift; sourceTree = "<group>"; };
		80D8930F29A90D33004C57C5 /* InfoView.swift */ = {isa = PBXFileReference; lastKnownFileType = sourcecode.swift; path = InfoView.swift; sourceTree = "<group>"; };
		80D8931229A90D33004C57C5 /* Base */ = {isa = PBXFileReference; lastKnownFileType = file.storyboard; name = Base; path = Base.lproj/Main.storyboard; sourceTree = "<group>"; };
		80D8931429A90D33004C57C5 /* Assets.xcassets */ = {isa = PBXFileReference; lastKnownFileType = folder.assetcatalog; path = Assets.xcassets; sourceTree = "<group>"; };
		80D8931729A90D33004C57C5 /* Base */ = {isa = PBXFileReference; lastKnownFileType = file.storyboard; name = Base; path = Base.lproj/LaunchScreen.storyboard; sourceTree = "<group>"; };
		80D8931929A90D33004C57C5 /* Info.plist */ = {isa = PBXFileReference; lastKnownFileType = text.plist.xml; path = Info.plist; sourceTree = "<group>"; };
		80D8931E29A90D33004C57C5 /* DepremInfoTests.xctest */ = {isa = PBXFileReference; explicitFileType = wrapper.cfbundle; includeInIndex = 0; path = DepremInfoTests.xctest; sourceTree = BUILT_PRODUCTS_DIR; };
		80D8932229A90D33004C57C5 /* DepremInfoTests.swift */ = {isa = PBXFileReference; lastKnownFileType = sourcecode.swift; path = DepremInfoTests.swift; sourceTree = "<group>"; };
		80D8932829A90D33004C57C5 /* DepremInfoUITests.xctest */ = {isa = PBXFileReference; explicitFileType = wrapper.cfbundle; includeInIndex = 0; path = DepremInfoUITests.xctest; sourceTree = BUILT_PRODUCTS_DIR; };
		80D8932C29A90D33004C57C5 /* DepremInfoUITests.swift */ = {isa = PBXFileReference; lastKnownFileType = sourcecode.swift; path = DepremInfoUITests.swift; sourceTree = "<group>"; };
		80D8932E29A90D33004C57C5 /* DepremInfoUITestsLaunchTests.swift */ = {isa = PBXFileReference; lastKnownFileType = sourcecode.swift; path = DepremInfoUITestsLaunchTests.swift; sourceTree = "<group>"; };
		80D8933F29A90EE2004C57C5 /* ApiService.swift */ = {isa = PBXFileReference; lastKnownFileType = sourcecode.swift; path = ApiService.swift; sourceTree = "<group>"; };
		80D8934329A90F60004C57C5 /* LiveView.swift */ = {isa = PBXFileReference; lastKnownFileType = sourcecode.swift; path = LiveView.swift; sourceTree = "<group>"; };
		80D8934529A90F70004C57C5 /* Earthquake.swift */ = {isa = PBXFileReference; lastKnownFileType = sourcecode.swift; path = Earthquake.swift; sourceTree = "<group>"; };
		80D8934729A90F89004C57C5 /* InfoViewModel.swift */ = {isa = PBXFileReference; lastKnownFileType = sourcecode.swift; path = InfoViewModel.swift; sourceTree = "<group>"; };
		80D8934B29A90F96004C57C5 /* LiveViewModel.swift */ = {isa = PBXFileReference; lastKnownFileType = sourcecode.swift; path = LiveViewModel.swift; sourceTree = "<group>"; };
		80D8934D29A9F034004C57C5 /* LiveCell.swift */ = {isa = PBXFileReference; lastKnownFileType = sourcecode.swift; path = LiveCell.swift; sourceTree = "<group>"; };
		80D8934F29AA09AD004C57C5 /* DetailView.swift */ = {isa = PBXFileReference; lastKnownFileType = sourcecode.swift; path = DetailView.swift; sourceTree = "<group>"; };
/* End PBXFileReference section */

/* Begin PBXFrameworksBuildPhase section */
		80D8930529A90D33004C57C5 /* Frameworks */ = {
			isa = PBXFrameworksBuildPhase;
			buildActionMask = 2147483647;
			files = (
			);
			runOnlyForDeploymentPostprocessing = 0;
		};
		80D8931B29A90D33004C57C5 /* Frameworks */ = {
			isa = PBXFrameworksBuildPhase;
			buildActionMask = 2147483647;
			files = (
			);
			runOnlyForDeploymentPostprocessing = 0;
		};
		80D8932529A90D33004C57C5 /* Frameworks */ = {
			isa = PBXFrameworksBuildPhase;
			buildActionMask = 2147483647;
			files = (
			);
			runOnlyForDeploymentPostprocessing = 0;
		};
/* End PBXFrameworksBuildPhase section */

/* Begin PBXGroup section */
		805E1E5B29AAE12D00268E56 /* Frameworks */ = {
			isa = PBXGroup;
			children = (
				805E1E5C29AAE12D00268E56 /* libsqlite3.0.tbd */,
			);
			name = Frameworks;
			sourceTree = "<group>";
		};
		805E1E7629AAEB7D00268E56 /* SQLFiles */ = {
			isa = PBXGroup;
			children = (
				805E1E6729AAE15700268E56 /* FMDatabase.h */,
				805E1E6829AAE15700268E56 /* FMDatabase.m */,
				805E1E6329AAE15600268E56 /* FMDatabaseAdditions.h */,
				805E1E6229AAE15600268E56 /* FMDatabaseAdditions.m */,
				805E1E5F29AAE15500268E56 /* FMDatabasePool.h */,
				805E1E6629AAE15600268E56 /* FMDatabasePool.m */,
				805E1E6029AAE15600268E56 /* FMDatabaseQueue.h */,
				805E1E6429AAE15600268E56 /* FMDatabaseQueue.m */,
				805E1E6129AAE15600268E56 /* FMDB.h */,
				805E1E5E29AAE15500268E56 /* FMResultSet.h */,
				805E1E6529AAE15600268E56 /* FMResultSet.m */,
				805E1E6E29AAE19400268E56 /* illerDeprem.db */,
			);
			path = SQLFiles;
			sourceTree = "<group>";
		};
		80D892FF29A90D33004C57C5 = {
			isa = PBXGroup;
			children = (
				80D8930A29A90D33004C57C5 /* DepremInfo */,
				80D8932129A90D33004C57C5 /* DepremInfoTests */,
				80D8932B29A90D33004C57C5 /* DepremInfoUITests */,
				80D8930929A90D33004C57C5 /* Products */,
				805E1E5B29AAE12D00268E56 /* Frameworks */,
			);
			sourceTree = "<group>";
		};
		80D8930929A90D33004C57C5 /* Products */ = {
			isa = PBXGroup;
			children = (
				80D8930829A90D33004C57C5 /* DepremInfo.app */,
				80D8931E29A90D33004C57C5 /* DepremInfoTests.xctest */,
				80D8932829A90D33004C57C5 /* DepremInfoUITests.xctest */,
			);
			name = Products;
			sourceTree = "<group>";
		};
		80D8930A29A90D33004C57C5 /* DepremInfo */ = {
			isa = PBXGroup;
			children = (
				805E1E7629AAEB7D00268E56 /* SQLFiles */,
				80D8933E29A90ED4004C57C5 /* Services */,
				80D8933D29A90EC7004C57C5 /* ViewModels */,
				80D8933C29A90EC1004C57C5 /* Views */,
				80D8933B29A90EB9004C57C5 /* Models */,
				80D8930B29A90D33004C57C5 /* AppDelegate.swift */,
				80D8930D29A90D33004C57C5 /* SceneDelegate.swift */,
				805E1E5D29AAE15500268E56 /* DepremInfo-Bridging-Header.h */,
				80D8931429A90D33004C57C5 /* Assets.xcassets */,
				80D8931929A90D33004C57C5 /* Info.plist */,
			);
			path = DepremInfo;
			sourceTree = "<group>";
		};
		80D8932129A90D33004C57C5 /* DepremInfoTests */ = {
			isa = PBXGroup;
			children = (
				80D8932229A90D33004C57C5 /* DepremInfoTests.swift */,
			);
			path = DepremInfoTests;
			sourceTree = "<group>";
		};
		80D8932B29A90D33004C57C5 /* DepremInfoUITests */ = {
			isa = PBXGroup;
			children = (
				80D8932C29A90D33004C57C5 /* DepremInfoUITests.swift */,
				80D8932E29A90D33004C57C5 /* DepremInfoUITestsLaunchTests.swift */,
			);
			path = DepremInfoUITests;
			sourceTree = "<group>";
		};
		80D8933B29A90EB9004C57C5 /* Models */ = {
			isa = PBXGroup;
			children = (
				80D8934529A90F70004C57C5 /* Earthquake.swift */,
				805E1E7329AAE27D00268E56 /* Provinces.swift */,
			);
			path = Models;
			sourceTree = "<group>";
		};
		80D8933C29A90EC1004C57C5 /* Views */ = {
			isa = PBXGroup;
			children = (
				80D8931629A90D33004C57C5 /* LaunchScreen.storyboard */,
				80D8931129A90D33004C57C5 /* Main.storyboard */,
				80D8930F29A90D33004C57C5 /* InfoView.swift */,
				80D8934329A90F60004C57C5 /* LiveView.swift */,
				80D8934D29A9F034004C57C5 /* LiveCell.swift */,
				80D8934F29AA09AD004C57C5 /* DetailView.swift */,
			);
			path = Views;
			sourceTree = "<group>";
		};
		80D8933D29A90EC7004C57C5 /* ViewModels */ = {
			isa = PBXGroup;
			children = (
				80D8934729A90F89004C57C5 /* InfoViewModel.swift */,
				80D8934B29A90F96004C57C5 /* LiveViewModel.swift */,
				805E1E5929AA0D9600268E56 /* DetailViewModel.swift */,
			);
			path = ViewModels;
			sourceTree = "<group>";
		};
		80D8933E29A90ED4004C57C5 /* Services */ = {
			isa = PBXGroup;
			children = (
				80D8933F29A90EE2004C57C5 /* ApiService.swift */,
				805E1E6F29AAE1B200268E56 /* SQLService.swift */,
				805E1E7129AAE22100268E56 /* Depremdao.swift */,
			);
			path = Services;
			sourceTree = "<group>";
		};
/* End PBXGroup section */

/* Begin PBXNativeTarget section */
		80D8930729A90D33004C57C5 /* DepremInfo */ = {
			isa = PBXNativeTarget;
			buildConfigurationList = 80D8933229A90D33004C57C5 /* Build configuration list for PBXNativeTarget "DepremInfo" */;
			buildPhases = (
				80D8930429A90D33004C57C5 /* Sources */,
				80D8930529A90D33004C57C5 /* Frameworks */,
				80D8930629A90D33004C57C5 /* Resources */,
			);
			buildRules = (
			);
			dependencies = (
			);
			name = DepremInfo;
			productName = DepremInfo;
			productReference = 80D8930829A90D33004C57C5 /* DepremInfo.app */;
			productType = "com.apple.product-type.application";
		};
		80D8931D29A90D33004C57C5 /* DepremInfoTests */ = {
			isa = PBXNativeTarget;
			buildConfigurationList = 80D8933529A90D33004C57C5 /* Build configuration list for PBXNativeTarget "DepremInfoTests" */;
			buildPhases = (
				80D8931A29A90D33004C57C5 /* Sources */,
				80D8931B29A90D33004C57C5 /* Frameworks */,
				80D8931C29A90D33004C57C5 /* Resources */,
			);
			buildRules = (
			);
			dependencies = (
				80D8932029A90D33004C57C5 /* PBXTargetDependency */,
			);
			name = DepremInfoTests;
			productName = DepremInfoTests;
			productReference = 80D8931E29A90D33004C57C5 /* DepremInfoTests.xctest */;
			productType = "com.apple.product-type.bundle.unit-test";
		};
		80D8932729A90D33004C57C5 /* DepremInfoUITests */ = {
			isa = PBXNativeTarget;
			buildConfigurationList = 80D8933829A90D33004C57C5 /* Build configuration list for PBXNativeTarget "DepremInfoUITests" */;
			buildPhases = (
				80D8932429A90D33004C57C5 /* Sources */,
				80D8932529A90D33004C57C5 /* Frameworks */,
				80D8932629A90D33004C57C5 /* Resources */,
			);
			buildRules = (
			);
			dependencies = (
				80D8932A29A90D33004C57C5 /* PBXTargetDependency */,
			);
			name = DepremInfoUITests;
			productName = DepremInfoUITests;
			productReference = 80D8932829A90D33004C57C5 /* DepremInfoUITests.xctest */;
			productType = "com.apple.product-type.bundle.ui-testing";
		};
/* End PBXNativeTarget section */

/* Begin PBXProject section */
		80D8930029A90D33004C57C5 /* Project object */ = {
			isa = PBXProject;
			attributes = {
				BuildIndependentTargetsInParallel = 1;
				LastSwiftUpdateCheck = 1420;
				LastUpgradeCheck = 1420;
				TargetAttributes = {
					80D8930729A90D33004C57C5 = {
						CreatedOnToolsVersion = 14.2;
						LastSwiftMigration = 1420;
					};
					80D8931D29A90D33004C57C5 = {
						CreatedOnToolsVersion = 14.2;
						TestTargetID = 80D8930729A90D33004C57C5;
					};
					80D8932729A90D33004C57C5 = {
						CreatedOnToolsVersion = 14.2;
						TestTargetID = 80D8930729A90D33004C57C5;
					};
				};
			};
			buildConfigurationList = 80D8930329A90D33004C57C5 /* Build configuration list for PBXProject "DepremInfo" */;
			compatibilityVersion = "Xcode 14.0";
			developmentRegion = en;
			hasScannedForEncodings = 0;
			knownRegions = (
				en,
				Base,
			);
			mainGroup = 80D892FF29A90D33004C57C5;
			productRefGroup = 80D8930929A90D33004C57C5 /* Products */;
			projectDirPath = "";
			projectRoot = "";
			targets = (
				80D8930729A90D33004C57C5 /* DepremInfo */,
				80D8931D29A90D33004C57C5 /* DepremInfoTests */,
				80D8932729A90D33004C57C5 /* DepremInfoUITests */,
			);
		};
/* End PBXProject section */

/* Begin PBXResourcesBuildPhase section */
		80D8930629A90D33004C57C5 /* Resources */ = {
			isa = PBXResourcesBuildPhase;
			buildActionMask = 2147483647;
			files = (
				805E1E7529AAE4B700268E56 /* illerDeprem.db in Resources */,
				80D8931829A90D33004C57C5 /* LaunchScreen.storyboard in Resources */,
				80D8931529A90D33004C57C5 /* Assets.xcassets in Resources */,
				80D8931329A90D33004C57C5 /* Main.storyboard in Resources */,
			);
			runOnlyForDeploymentPostprocessing = 0;
		};
		80D8931C29A90D33004C57C5 /* Resources */ = {
			isa = PBXResourcesBuildPhase;
			buildActionMask = 2147483647;
			files = (
			);
			runOnlyForDeploymentPostprocessing = 0;
		};
		80D8932629A90D33004C57C5 /* Resources */ = {
			isa = PBXResourcesBuildPhase;
			buildActionMask = 2147483647;
			files = (
			);
			runOnlyForDeploymentPostprocessing = 0;
		};
/* End PBXResourcesBuildPhase section */

/* Begin PBXSourcesBuildPhase section */
		80D8930429A90D33004C57C5 /* Sources */ = {
			isa = PBXSourcesBuildPhase;
			buildActionMask = 2147483647;
			files = (
				80D8934629A90F70004C57C5 /* Earthquake.swift in Sources */,
				80D8935029AA09AD004C57C5 /* DetailView.swift in Sources */,
				805E1E6B29AAE15700268E56 /* FMResultSet.m in Sources */,
				805E1E7029AAE1B200268E56 /* SQLService.swift in Sources */,
				80D8934429A90F60004C57C5 /* LiveView.swift in Sources */,
				80D8934C29A90F96004C57C5 /* LiveViewModel.swift in Sources */,
				805E1E6A29AAE15700268E56 /* FMDatabaseQueue.m in Sources */,
				80D8931029A90D33004C57C5 /* InfoView.swift in Sources */,
				805E1E6C29AAE15700268E56 /* FMDatabasePool.m in Sources */,
				805E1E7229AAE22100268E56 /* Depremdao.swift in Sources */,
				80D8934E29A9F034004C57C5 /* LiveCell.swift in Sources */,
				80D8930C29A90D33004C57C5 /* AppDelegate.swift in Sources */,
				805E1E5A29AA0D9600268E56 /* DetailViewModel.swift in Sources */,
				805E1E7429AAE27D00268E56 /* Provinces.swift in Sources */,
				80D8934029A90EE2004C57C5 /* ApiService.swift in Sources */,
				80D8934829A90F89004C57C5 /* InfoViewModel.swift in Sources */,
				80D8930E29A90D33004C57C5 /* SceneDelegate.swift in Sources */,
				805E1E6929AAE15700268E56 /* FMDatabaseAdditions.m in Sources */,
				805E1E6D29AAE15700268E56 /* FMDatabase.m in Sources */,
			);
			runOnlyForDeploymentPostprocessing = 0;
		};
		80D8931A29A90D33004C57C5 /* Sources */ = {
			isa = PBXSourcesBuildPhase;
			buildActionMask = 2147483647;
			files = (
				80D8932329A90D33004C57C5 /* DepremInfoTests.swift in Sources */,
			);
			runOnlyForDeploymentPostprocessing = 0;
		};
		80D8932429A90D33004C57C5 /* Sources */ = {
			isa = PBXSourcesBuildPhase;
			buildActionMask = 2147483647;
			files = (
				80D8932D29A90D33004C57C5 /* DepremInfoUITests.swift in Sources */,
				80D8932F29A90D33004C57C5 /* DepremInfoUITestsLaunchTests.swift in Sources */,
			);
			runOnlyForDeploymentPostprocessing = 0;
		};
/* End PBXSourcesBuildPhase section */

/* Begin PBXTargetDependency section */
		80D8932029A90D33004C57C5 /* PBXTargetDependency */ = {
			isa = PBXTargetDependency;
			target = 80D8930729A90D33004C57C5 /* DepremInfo */;
			targetProxy = 80D8931F29A90D33004C57C5 /* PBXContainerItemProxy */;
		};
		80D8932A29A90D33004C57C5 /* PBXTargetDependency */ = {
			isa = PBXTargetDependency;
			target = 80D8930729A90D33004C57C5 /* DepremInfo */;
			targetProxy = 80D8932929A90D33004C57C5 /* PBXContainerItemProxy */;
		};
/* End PBXTargetDependency section */

/* Begin PBXVariantGroup section */
		80D8931129A90D33004C57C5 /* Main.storyboard */ = {
			isa = PBXVariantGroup;
			children = (
				80D8931229A90D33004C57C5 /* Base */,
			);
			name = Main.storyboard;
			sourceTree = "<group>";
		};
		80D8931629A90D33004C57C5 /* LaunchScreen.storyboard */ = {
			isa = PBXVariantGroup;
			children = (
				80D8931729A90D33004C57C5 /* Base */,
			);
			name = LaunchScreen.storyboard;
			sourceTree = "<group>";
		};
/* End PBXVariantGroup section */

/* Begin XCBuildConfiguration section */
		80D8933029A90D33004C57C5 /* Debug */ = {
			isa = XCBuildConfiguration;
			buildSettings = {
				ALWAYS_SEARCH_USER_PATHS = NO;
				CLANG_ANALYZER_NONNULL = YES;
				CLANG_ANALYZER_NUMBER_OBJECT_CONVERSION = YES_AGGRESSIVE;
				CLANG_CXX_LANGUAGE_STANDARD = "gnu++20";
				CLANG_ENABLE_MODULES = YES;
				CLANG_ENABLE_OBJC_ARC = YES;
				CLANG_ENABLE_OBJC_WEAK = YES;
				CLANG_WARN_BLOCK_CAPTURE_AUTORELEASING = YES;
				CLANG_WARN_BOOL_CONVERSION = YES;
				CLANG_WARN_COMMA = YES;
				CLANG_WARN_CONSTANT_CONVERSION = YES;
				CLANG_WARN_DEPRECATED_OBJC_IMPLEMENTATIONS = YES;
				CLANG_WARN_DIRECT_OBJC_ISA_USAGE = YES_ERROR;
				CLANG_WARN_DOCUMENTATION_COMMENTS = YES;
				CLANG_WARN_EMPTY_BODY = YES;
				CLANG_WARN_ENUM_CONVERSION = YES;
				CLANG_WARN_INFINITE_RECURSION = YES;
				CLANG_WARN_INT_CONVERSION = YES;
				CLANG_WARN_NON_LITERAL_NULL_CONVERSION = YES;
				CLANG_WARN_OBJC_IMPLICIT_RETAIN_SELF = YES;
				CLANG_WARN_OBJC_LITERAL_CONVERSION = YES;
				CLANG_WARN_OBJC_ROOT_CLASS = YES_ERROR;
				CLANG_WARN_QUOTED_INCLUDE_IN_FRAMEWORK_HEADER = YES;
				CLANG_WARN_RANGE_LOOP_ANALYSIS = YES;
				CLANG_WARN_STRICT_PROTOTYPES = YES;
				CLANG_WARN_SUSPICIOUS_MOVE = YES;
				CLANG_WARN_UNGUARDED_AVAILABILITY = YES_AGGRESSIVE;
				CLANG_WARN_UNREACHABLE_CODE = YES;
				CLANG_WARN__DUPLICATE_METHOD_MATCH = YES;
				COPY_PHASE_STRIP = NO;
				DEBUG_INFORMATION_FORMAT = dwarf;
				ENABLE_STRICT_OBJC_MSGSEND = YES;
				ENABLE_TESTABILITY = YES;
				GCC_C_LANGUAGE_STANDARD = gnu11;
				GCC_DYNAMIC_NO_PIC = NO;
				GCC_NO_COMMON_BLOCKS = YES;
				GCC_OPTIMIZATION_LEVEL = 0;
				GCC_PREPROCESSOR_DEFINITIONS = (
					"DEBUG=1",
					"$(inherited)",
				);
				GCC_WARN_64_TO_32_BIT_CONVERSION = YES;
				GCC_WARN_ABOUT_RETURN_TYPE = YES_ERROR;
				GCC_WARN_UNDECLARED_SELECTOR = YES;
				GCC_WARN_UNINITIALIZED_AUTOS = YES_AGGRESSIVE;
				GCC_WARN_UNUSED_FUNCTION = YES;
				GCC_WARN_UNUSED_VARIABLE = YES;
				IPHONEOS_DEPLOYMENT_TARGET = 16.2;
				MTL_ENABLE_DEBUG_INFO = INCLUDE_SOURCE;
				MTL_FAST_MATH = YES;
				ONLY_ACTIVE_ARCH = YES;
				SDKROOT = iphoneos;
				SWIFT_ACTIVE_COMPILATION_CONDITIONS = DEBUG;
				SWIFT_OPTIMIZATION_LEVEL = "-Onone";
			};
			name = Debug;
		};
		80D8933129A90D33004C57C5 /* Release */ = {
			isa = XCBuildConfiguration;
			buildSettings = {
				ALWAYS_SEARCH_USER_PATHS = NO;
				CLANG_ANALYZER_NONNULL = YES;
				CLANG_ANALYZER_NUMBER_OBJECT_CONVERSION = YES_AGGRESSIVE;
				CLANG_CXX_LANGUAGE_STANDARD = "gnu++20";
				CLANG_ENABLE_MODULES = YES;
				CLANG_ENABLE_OBJC_ARC = YES;
				CLANG_ENABLE_OBJC_WEAK = YES;
				CLANG_WARN_BLOCK_CAPTURE_AUTORELEASING = YES;
				CLANG_WARN_BOOL_CONVERSION = YES;
				CLANG_WARN_COMMA = YES;
				CLANG_WARN_CONSTANT_CONVERSION = YES;
				CLANG_WARN_DEPRECATED_OBJC_IMPLEMENTATIONS = YES;
				CLANG_WARN_DIRECT_OBJC_ISA_USAGE = YES_ERROR;
				CLANG_WARN_DOCUMENTATION_COMMENTS = YES;
				CLANG_WARN_EMPTY_BODY = YES;
				CLANG_WARN_ENUM_CONVERSION = YES;
				CLANG_WARN_INFINITE_RECURSION = YES;
				CLANG_WARN_INT_CONVERSION = YES;
				CLANG_WARN_NON_LITERAL_NULL_CONVERSION = YES;
				CLANG_WARN_OBJC_IMPLICIT_RETAIN_SELF = YES;
				CLANG_WARN_OBJC_LITERAL_CONVERSION = YES;
				CLANG_WARN_OBJC_ROOT_CLASS = YES_ERROR;
				CLANG_WARN_QUOTED_INCLUDE_IN_FRAMEWORK_HEADER = YES;
				CLANG_WARN_RANGE_LOOP_ANALYSIS = YES;
				CLANG_WARN_STRICT_PROTOTYPES = YES;
				CLANG_WARN_SUSPICIOUS_MOVE = YES;
				CLANG_WARN_UNGUARDED_AVAILABILITY = YES_AGGRESSIVE;
				CLANG_WARN_UNREACHABLE_CODE = YES;
				CLANG_WARN__DUPLICATE_METHOD_MATCH = YES;
				COPY_PHASE_STRIP = NO;
				DEBUG_INFORMATION_FORMAT = "dwarf-with-dsym";
				ENABLE_NS_ASSERTIONS = NO;
				ENABLE_STRICT_OBJC_MSGSEND = YES;
				GCC_C_LANGUAGE_STANDARD = gnu11;
				GCC_NO_COMMON_BLOCKS = YES;
				GCC_WARN_64_TO_32_BIT_CONVERSION = YES;
				GCC_WARN_ABOUT_RETURN_TYPE = YES_ERROR;
				GCC_WARN_UNDECLARED_SELECTOR = YES;
				GCC_WARN_UNINITIALIZED_AUTOS = YES_AGGRESSIVE;
				GCC_WARN_UNUSED_FUNCTION = YES;
				GCC_WARN_UNUSED_VARIABLE = YES;
				IPHONEOS_DEPLOYMENT_TARGET = 16.2;
				MTL_ENABLE_DEBUG_INFO = NO;
				MTL_FAST_MATH = YES;
				SDKROOT = iphoneos;
				SWIFT_COMPILATION_MODE = wholemodule;
				SWIFT_OPTIMIZATION_LEVEL = "-O";
				VALIDATE_PRODUCT = YES;
			};
			name = Release;
		};
		80D8933329A90D33004C57C5 /* Debug */ = {
			isa = XCBuildConfiguration;
			buildSettings = {
				ASSETCATALOG_COMPILER_APPICON_NAME = AppIcon;
				ASSETCATALOG_COMPILER_GLOBAL_ACCENT_COLOR_NAME = AccentColor;
				CLANG_ENABLE_MODULES = YES;
				CODE_SIGN_STYLE = Automatic;
				CURRENT_PROJECT_VERSION = 1;
				DEVELOPMENT_TEAM = 936XSD7LYL;
				GENERATE_INFOPLIST_FILE = YES;
				INFOPLIST_FILE = DepremInfo/Info.plist;
				INFOPLIST_KEY_UIApplicationSupportsIndirectInputEvents = YES;
				INFOPLIST_KEY_UILaunchStoryboardName = LaunchScreen;
				INFOPLIST_KEY_UIMainStoryboardFile = Main;
				INFOPLIST_KEY_UISupportedInterfaceOrientations_iPad = "UIInterfaceOrientationPortrait UIInterfaceOrientationPortraitUpsideDown UIInterfaceOrientationLandscapeLeft UIInterfaceOrientationLandscapeRight";
				INFOPLIST_KEY_UISupportedInterfaceOrientations_iPhone = "UIInterfaceOrientationPortrait UIInterfaceOrientationLandscapeLeft UIInterfaceOrientationLandscapeRight";
				LD_RUNPATH_SEARCH_PATHS = (
					"$(inherited)",
					"@executable_path/Frameworks",
				);
				MARKETING_VERSION = 1.0;
				PRODUCT_BUNDLE_IDENTIFIER = ibrahimmbyrrm.DepremInfo;
				PRODUCT_NAME = "$(TARGET_NAME)";
				SWIFT_EMIT_LOC_STRINGS = YES;
				SWIFT_OBJC_BRIDGING_HEADER = "DepremInfo/DepremInfo-Bridging-Header.h";
				SWIFT_OPTIMIZATION_LEVEL = "-Onone";
				SWIFT_VERSION = 5.0;
				TARGETED_DEVICE_FAMILY = "1,2";
			};
			name = Debug;
		};
		80D8933429A90D33004C57C5 /* Release */ = {
			isa = XCBuildConfiguration;
			buildSettings = {
				ASSETCATALOG_COMPILER_APPICON_NAME = AppIcon;
				ASSETCATALOG_COMPILER_GLOBAL_ACCENT_COLOR_NAME = AccentColor;
				CLANG_ENABLE_MODULES = YES;
				CODE_SIGN_STYLE = Automatic;
				CURRENT_PROJECT_VERSION = 1;
				DEVELOPMENT_TEAM = 936XSD7LYL;
				GENERATE_INFOPLIST_FILE = YES;
				INFOPLIST_FILE = DepremInfo/Info.plist;
				INFOPLIST_KEY_UIApplicationSupportsIndirectInputEvents = YES;
				INFOPLIST_KEY_UILaunchStoryboardName = LaunchScreen;
				INFOPLIST_KEY_UIMainStoryboardFile = Main;
				INFOPLIST_KEY_UISupportedInterfaceOrientations_iPad = "UIInterfaceOrientationPortrait UIInterfaceOrientationPortraitUpsideDown UIInterfaceOrientationLandscapeLeft UIInterfaceOrientationLandscapeRight";
				INFOPLIST_KEY_UISupportedInterfaceOrientations_iPhone = "UIInterfaceOrientationPortrait UIInterfaceOrientationLandscapeLeft UIInterfaceOrientationLandscapeRight";
				LD_RUNPATH_SEARCH_PATHS = (
					"$(inherited)",
					"@executable_path/Frameworks",
				);
				MARKETING_VERSION = 1.0;
				PRODUCT_BUNDLE_IDENTIFIER = ibrahimmbyrrm.DepremInfo;
				PRODUCT_NAME = "$(TARGET_NAME)";
				SWIFT_EMIT_LOC_STRINGS = YES;
				SWIFT_OBJC_BRIDGING_HEADER = "DepremInfo/DepremInfo-Bridging-Header.h";
				SWIFT_VERSION = 5.0;
				TARGETED_DEVICE_FAMILY = "1,2";
			};
			name = Release;
		};
		80D8933629A90D33004C57C5 /* Debug */ = {
			isa = XCBuildConfiguration;
			buildSettings = {
				ALWAYS_EMBED_SWIFT_STANDARD_LIBRARIES = YES;
				BUNDLE_LOADER = "$(TEST_HOST)";
				CODE_SIGN_STYLE = Automatic;
				CURRENT_PROJECT_VERSION = 1;
				DEVELOPMENT_TEAM = 936XSD7LYL;
				GENERATE_INFOPLIST_FILE = YES;
				IPHONEOS_DEPLOYMENT_TARGET = 16.2;
				MARKETING_VERSION = 1.0;
				PRODUCT_BUNDLE_IDENTIFIER = ibrahimmbyrrm.DepremInfoTests;
				PRODUCT_NAME = "$(TARGET_NAME)";
				SWIFT_EMIT_LOC_STRINGS = NO;
				SWIFT_VERSION = 5.0;
				TARGETED_DEVICE_FAMILY = "1,2";
				TEST_HOST = "$(BUILT_PRODUCTS_DIR)/DepremInfo.app/$(BUNDLE_EXECUTABLE_FOLDER_PATH)/DepremInfo";
			};
			name = Debug;
		};
		80D8933729A90D33004C57C5 /* Release */ = {
			isa = XCBuildConfiguration;
			buildSettings = {
				ALWAYS_EMBED_SWIFT_STANDARD_LIBRARIES = YES;
				BUNDLE_LOADER = "$(TEST_HOST)";
				CODE_SIGN_STYLE = Automatic;
				CURRENT_PROJECT_VERSION = 1;
				DEVELOPMENT_TEAM = 936XSD7LYL;
				GENERATE_INFOPLIST_FILE = YES;
				IPHONEOS_DEPLOYMENT_TARGET = 16.2;
				MARKETING_VERSION = 1.0;
				PRODUCT_BUNDLE_IDENTIFIER = ibrahimmbyrrm.DepremInfoTests;
				PRODUCT_NAME = "$(TARGET_NAME)";
				SWIFT_EMIT_LOC_STRINGS = NO;
				SWIFT_VERSION = 5.0;
				TARGETED_DEVICE_FAMILY = "1,2";
				TEST_HOST = "$(BUILT_PRODUCTS_DIR)/DepremInfo.app/$(BUNDLE_EXECUTABLE_FOLDER_PATH)/DepremInfo";
			};
			name = Release;
		};
		80D8933929A90D33004C57C5 /* Debug */ = {
			isa = XCBuildConfiguration;
			buildSettings = {
				ALWAYS_EMBED_SWIFT_STANDARD_LIBRARIES = YES;
				CODE_SIGN_STYLE = Automatic;
				CURRENT_PROJECT_VERSION = 1;
				DEVELOPMENT_TEAM = 936XSD7LYL;
				GENERATE_INFOPLIST_FILE = YES;
				MARKETING_VERSION = 1.0;
				PRODUCT_BUNDLE_IDENTIFIER = ibrahimmbyrrm.DepremInfoUITests;
				PRODUCT_NAME = "$(TARGET_NAME)";
				SWIFT_EMIT_LOC_STRINGS = NO;
				SWIFT_VERSION = 5.0;
				TARGETED_DEVICE_FAMILY = "1,2";
				TEST_TARGET_NAME = DepremInfo;
			};
			name = Debug;
		};
		80D8933A29A90D33004C57C5 /* Release */ = {
			isa = XCBuildConfiguration;
			buildSettings = {
				ALWAYS_EMBED_SWIFT_STANDARD_LIBRARIES = YES;
				CODE_SIGN_STYLE = Automatic;
				CURRENT_PROJECT_VERSION = 1;
				DEVELOPMENT_TEAM = 936XSD7LYL;
				GENERATE_INFOPLIST_FILE = YES;
				MARKETING_VERSION = 1.0;
				PRODUCT_BUNDLE_IDENTIFIER = ibrahimmbyrrm.DepremInfoUITests;
				PRODUCT_NAME = "$(TARGET_NAME)";
				SWIFT_EMIT_LOC_STRINGS = NO;
				SWIFT_VERSION = 5.0;
				TARGETED_DEVICE_FAMILY = "1,2";
				TEST_TARGET_NAME = DepremInfo;
			};
			name = Release;
		};
/* End XCBuildConfiguration section */

/* Begin XCConfigurationList section */
		80D8930329A90D33004C57C5 /* Build configuration list for PBXProject "DepremInfo" */ = {
			isa = XCConfigurationList;
			buildConfigurations = (
				80D8933029A90D33004C57C5 /* Debug */,
				80D8933129A90D33004C57C5 /* Release */,
			);
			defaultConfigurationIsVisible = 0;
			defaultConfigurationName = Release;
		};
		80D8933229A90D33004C57C5 /* Build configuration list for PBXNativeTarget "DepremInfo" */ = {
			isa = XCConfigurationList;
			buildConfigurations = (
				80D8933329A90D33004C57C5 /* Debug */,
				80D8933429A90D33004C57C5 /* Release */,
			);
			defaultConfigurationIsVisible = 0;
			defaultConfigurationName = Release;
		};
		80D8933529A90D33004C57C5 /* Build configuration list for PBXNativeTarget "DepremInfoTests" */ = {
			isa = XCConfigurationList;
			buildConfigurations = (
				80D8933629A90D33004C57C5 /* Debug */,
				80D8933729A90D33004C57C5 /* Release */,
			);
			defaultConfigurationIsVisible = 0;
			defaultConfigurationName = Release;
		};
		80D8933829A90D33004C57C5 /* Build configuration list for PBXNativeTarget "DepremInfoUITests" */ = {
			isa = XCConfigurationList;
			buildConfigurations = (
				80D8933929A90D33004C57C5 /* Debug */,
				80D8933A29A90D33004C57C5 /* Release */,
			);
			defaultConfigurationIsVisible = 0;
			defaultConfigurationName = Release;
		};
/* End XCConfigurationList section */
	};
	rootObject = 80D8930029A90D33004C57C5 /* Project object */;
}
